// !$*UTF8*$!
{
	archiveVersion = 1;
	classes = {
	};
	objectVersion = 46;
	objects = {

/* Begin PBXBuildFile section */
		9948B1A01A9FA6AA00A3CA54 /* main.m in Sources */ = {isa = PBXBuildFile; fileRef = 9948B19F1A9FA6AA00A3CA54 /* main.m */; };
		9948B1A31A9FA6AA00A3CA54 /* AppDelegate.m in Sources */ = {isa = PBXBuildFile; fileRef = 9948B1A21A9FA6AA00A3CA54 /* AppDelegate.m */; };
		9948B1A61A9FA6AA00A3CA54 /* Projeto.xcdatamodeld in Sources */ = {isa = PBXBuildFile; fileRef = 9948B1A41A9FA6AA00A3CA54 /* Projeto.xcdatamodeld */; };
		9948B1A91A9FA6AA00A3CA54 /* ViewController.m in Sources */ = {isa = PBXBuildFile; fileRef = 9948B1A81A9FA6AA00A3CA54 /* ViewController.m */; };
		9948B1AC1A9FA6AA00A3CA54 /* Main.storyboard in Resources */ = {isa = PBXBuildFile; fileRef = 9948B1AA1A9FA6AA00A3CA54 /* Main.storyboard */; };
		9948B1AE1A9FA6AA00A3CA54 /* Images.xcassets in Resources */ = {isa = PBXBuildFile; fileRef = 9948B1AD1A9FA6AA00A3CA54 /* Images.xcassets */; };
		9948B1B11A9FA6AA00A3CA54 /* LaunchScreen.xib in Resources */ = {isa = PBXBuildFile; fileRef = 9948B1AF1A9FA6AA00A3CA54 /* LaunchScreen.xib */; };
		9948B1BD1A9FA6AA00A3CA54 /* ProjetoTests.m in Sources */ = {isa = PBXBuildFile; fileRef = 9948B1BC1A9FA6AA00A3CA54 /* ProjetoTests.m */; };
		9948B1CE1A9FB27600A3CA54 /* GaleriaViewController.m in Sources */ = {isa = PBXBuildFile; fileRef = 9948B1CD1A9FB27600A3CA54 /* GaleriaViewController.m */; };
		99D42D8C1AA4F3DA001F661A /* flowers.jpg in Resources */ = {isa = PBXBuildFile; fileRef = 99D42D8B1AA4F3DA001F661A /* flowers.jpg */; };
		99D42D921AA4F466001F661A /* cup.jpg in Resources */ = {isa = PBXBuildFile; fileRef = 99D42D8D1AA4F466001F661A /* cup.jpg */; };
		99D42D931AA4F466001F661A /* dog.jpg in Resources */ = {isa = PBXBuildFile; fileRef = 99D42D8E1AA4F466001F661A /* dog.jpg */; };
		99D42D941AA4F466001F661A /* kids.jpg in Resources */ = {isa = PBXBuildFile; fileRef = 99D42D8F1AA4F466001F661A /* kids.jpg */; };
		99D42D951AA4F466001F661A /* noz.jpg in Resources */ = {isa = PBXBuildFile; fileRef = 99D42D901AA4F466001F661A /* noz.jpg */; };
		99D42D961AA4F466001F661A /* mercury.jpg in Resources */ = {isa = PBXBuildFile; fileRef = 99D42D911AA4F466001F661A /* mercury.jpg */; };
		99D42D981AA4F477001F661A /* kid.jpg in Resources */ = {isa = PBXBuildFile; fileRef = 99D42D971AA4F477001F661A /* kid.jpg */; };
		99D42D9E1AA4F4AA001F661A /* smile.jpg in Resources */ = {isa = PBXBuildFile; fileRef = 99D42D991AA4F4AA001F661A /* smile.jpg */; };
		99D42D9F1AA4F4AA001F661A /* girl.jpg in Resources */ = {isa = PBXBuildFile; fileRef = 99D42D9A1AA4F4AA001F661A /* girl.jpg */; };
		99D42DA01AA4F4AA001F661A /* music.jpg in Resources */ = {isa = PBXBuildFile; fileRef = 99D42D9B1AA4F4AA001F661A /* music.jpg */; };
		99D42DA11AA4F4AA001F661A /* handsup.jpg in Resources */ = {isa = PBXBuildFile; fileRef = 99D42D9C1AA4F4AA001F661A /* handsup.jpg */; };
		99D42DA21AA4F4AA001F661A /* landing.jpg in Resources */ = {isa = PBXBuildFile; fileRef = 99D42D9D1AA4F4AA001F661A /* landing.jpg */; };
/* End PBXBuildFile section */

/* Begin PBXContainerItemProxy section */
		9948B1B71A9FA6AA00A3CA54 /* PBXContainerItemProxy */ = {
			isa = PBXContainerItemProxy;
			containerPortal = 9948B1921A9FA6AA00A3CA54 /* Project object */;
			proxyType = 1;
			remoteGlobalIDString = 9948B1991A9FA6AA00A3CA54;
			remoteInfo = Projeto;
		};
/* End PBXContainerItemProxy section */

/* Begin PBXFileReference section */
		9948B19A1A9FA6AA00A3CA54 /* Projeto.app */ = {isa = PBXFileReference; explicitFileType = wrapper.application; includeInIndex = 0; path = Projeto.app; sourceTree = BUILT_PRODUCTS_DIR; };
		9948B19E1A9FA6AA00A3CA54 /* Info.plist */ = {isa = PBXFileReference; lastKnownFileType = text.plist.xml; path = Info.plist; sourceTree = "<group>"; };
		9948B19F1A9FA6AA00A3CA54 /* main.m */ = {isa = PBXFileReference; lastKnownFileType = sourcecode.c.objc; path = main.m; sourceTree = "<group>"; };
		9948B1A11A9FA6AA00A3CA54 /* AppDelegate.h */ = {isa = PBXFileReference; lastKnownFileType = sourcecode.c.h; path = AppDelegate.h; sourceTree = "<group>"; };
		9948B1A21A9FA6AA00A3CA54 /* AppDelegate.m */ = {isa = PBXFileReference; lastKnownFileType = sourcecode.c.objc; path = AppDelegate.m; sourceTree = "<group>"; };
		9948B1A51A9FA6AA00A3CA54 /* Projeto.xcdatamodel */ = {isa = PBXFileReference; lastKnownFileType = wrapper.xcdatamodel; path = Projeto.xcdatamodel; sourceTree = "<group>"; };
		9948B1A71A9FA6AA00A3CA54 /* ViewController.h */ = {isa = PBXFileReference; lastKnownFileType = sourcecode.c.h; path = ViewController.h; sourceTree = "<group>"; };
		9948B1A81A9FA6AA00A3CA54 /* ViewController.m */ = {isa = PBXFileReference; lastKnownFileType = sourcecode.c.objc; path = ViewController.m; sourceTree = "<group>"; };
		9948B1AB1A9FA6AA00A3CA54 /* Base */ = {isa = PBXFileReference; lastKnownFileType = file.storyboard; name = Base; path = Base.lproj/Main.storyboard; sourceTree = "<group>"; };
		9948B1AD1A9FA6AA00A3CA54 /* Images.xcassets */ = {isa = PBXFileReference; lastKnownFileType = folder.assetcatalog; path = Images.xcassets; sourceTree = "<group>"; };
		9948B1B01A9FA6AA00A3CA54 /* Base */ = {isa = PBXFileReference; lastKnownFileType = file.xib; name = Base; path = Base.lproj/LaunchScreen.xib; sourceTree = "<group>"; };
		9948B1B61A9FA6AA00A3CA54 /* ProjetoTests.xctest */ = {isa = PBXFileReference; explicitFileType = wrapper.cfbundle; includeInIndex = 0; path = ProjetoTests.xctest; sourceTree = BUILT_PRODUCTS_DIR; };
		9948B1BB1A9FA6AA00A3CA54 /* Info.plist */ = {isa = PBXFileReference; lastKnownFileType = text.plist.xml; path = Info.plist; sourceTree = "<group>"; };
		9948B1BC1A9FA6AA00A3CA54 /* ProjetoTests.m */ = {isa = PBXFileReference; lastKnownFileType = sourcecode.c.objc; path = ProjetoTests.m; sourceTree = "<group>"; };
		9948B1CC1A9FB27600A3CA54 /* GaleriaViewController.h */ = {isa = PBXFileReference; fileEncoding = 4; lastKnownFileType = sourcecode.c.h; path = GaleriaViewController.h; sourceTree = "<group>"; };
		9948B1CD1A9FB27600A3CA54 /* GaleriaViewController.m */ = {isa = PBXFileReference; fileEncoding = 4; lastKnownFileType = sourcecode.c.objc; path = GaleriaViewController.m; sourceTree = "<group>"; };
		99D42D8B1AA4F3DA001F661A /* flowers.jpg */ = {isa = PBXFileReference; lastKnownFileType = image.jpeg; path = flowers.jpg; sourceTree = "<group>"; };
		99D42D8D1AA4F466001F661A /* cup.jpg */ = {isa = PBXFileReference; lastKnownFileType = image.jpeg; path = cup.jpg; sourceTree = "<group>"; };
		99D42D8E1AA4F466001F661A /* dog.jpg */ = {isa = PBXFileReference; lastKnownFileType = image.jpeg; path = dog.jpg; sourceTree = "<group>"; };
		99D42D8F1AA4F466001F661A /* kids.jpg */ = {isa = PBXFileReference; lastKnownFileType = image.jpeg; path = kids.jpg; sourceTree = "<group>"; };
		99D42D901AA4F466001F661A /* noz.jpg */ = {isa = PBXFileReference; lastKnownFileType = image.jpeg; path = noz.jpg; sourceTree = "<group>"; };
		99D42D911AA4F466001F661A /* mercury.jpg */ = {isa = PBXFileReference; lastKnownFileType = image.jpeg; path = mercury.jpg; sourceTree = "<group>"; };
		99D42D971AA4F477001F661A /* kid.jpg */ = {isa = PBXFileReference; lastKnownFileType = image.jpeg; path = kid.jpg; sourceTree = "<group>"; };
		99D42D991AA4F4AA001F661A /* smile.jpg */ = {isa = PBXFileReference; lastKnownFileType = image.jpeg; path = smile.jpg; sourceTree = "<group>"; };
		99D42D9A1AA4F4AA001F661A /* girl.jpg */ = {isa = PBXFileReference; lastKnownFileType = image.jpeg; path = girl.jpg; sourceTree = "<group>"; };
		99D42D9B1AA4F4AA001F661A /* music.jpg */ = {isa = PBXFileReference; lastKnownFileType = image.jpeg; path = music.jpg; sourceTree = "<group>"; };
		99D42D9C1AA4F4AA001F661A /* handsup.jpg */ = {isa = PBXFileReference; lastKnownFileType = image.jpeg; path = handsup.jpg; sourceTree = "<group>"; };
		99D42D9D1AA4F4AA001F661A /* landing.jpg */ = {isa = PBXFileReference; lastKnownFileType = image.jpeg; path = landing.jpg; sourceTree = "<group>"; };
/* End PBXFileReference section */

/* Begin PBXFrameworksBuildPhase section */
		9948B1971A9FA6AA00A3CA54 /* Frameworks */ = {
			isa = PBXFrameworksBuildPhase;
			buildActionMask = 2147483647;
			files = (
			);
			runOnlyForDeploymentPostprocessing = 0;
		};
		9948B1B31A9FA6AA00A3CA54 /* Frameworks */ = {
			isa = PBXFrameworksBuildPhase;
			buildActionMask = 2147483647;
			files = (
			);
			runOnlyForDeploymentPostprocessing = 0;
		};
/* End PBXFrameworksBuildPhase section */

/* Begin PBXGroup section */
		9948B1911A9FA6AA00A3CA54 = {
			isa = PBXGroup;
			children = (
				9948B19C1A9FA6AA00A3CA54 /* Projeto */,
				9948B1B91A9FA6AA00A3CA54 /* ProjetoTests */,
				9948B19B1A9FA6AA00A3CA54 /* Products */,
			);
			sourceTree = "<group>";
		};
		9948B19B1A9FA6AA00A3CA54 /* Products */ = {
			isa = PBXGroup;
			children = (
				9948B19A1A9FA6AA00A3CA54 /* Projeto.app */,
				9948B1B61A9FA6AA00A3CA54 /* ProjetoTests.xctest */,
			);
			name = Products;
			sourceTree = "<group>";
		};
		9948B19C1A9FA6AA00A3CA54 /* Projeto */ = {
			isa = PBXGroup;
			children = (
				9948B1CC1A9FB27600A3CA54 /* GaleriaViewController.h */,
				9948B1CD1A9FB27600A3CA54 /* GaleriaViewController.m */,
				9948B1A11A9FA6AA00A3CA54 /* AppDelegate.h */,
				9948B1A21A9FA6AA00A3CA54 /* AppDelegate.m */,
				9948B1A71A9FA6AA00A3CA54 /* ViewController.h */,
				9948B1A81A9FA6AA00A3CA54 /* ViewController.m */,
				9948B1AA1A9FA6AA00A3CA54 /* Main.storyboard */,
				9948B1AD1A9FA6AA00A3CA54 /* Images.xcassets */,
				9948B1AF1A9FA6AA00A3CA54 /* LaunchScreen.xib */,
				9948B1A41A9FA6AA00A3CA54 /* Projeto.xcdatamodeld */,
				9970384E1AA0F72100D082E0 /* Images_E */,
				9961B53F1AA4C12600EF7E50 /* Images_I */,
				9948B19D1A9FA6AA00A3CA54 /* Supporting Files */,
			);
			path = Projeto;
			sourceTree = "<group>";
		};
		9948B19D1A9FA6AA00A3CA54 /* Supporting Files */ = {
			isa = PBXGroup;
			children = (
				9948B19E1A9FA6AA00A3CA54 /* Info.plist */,
				9948B19F1A9FA6AA00A3CA54 /* main.m */,
			);
			name = "Supporting Files";
			sourceTree = "<group>";
		};
		9948B1B91A9FA6AA00A3CA54 /* ProjetoTests */ = {
			isa = PBXGroup;
			children = (
				9948B1BC1A9FA6AA00A3CA54 /* ProjetoTests.m */,
				9948B1BA1A9FA6AA00A3CA54 /* Supporting Files */,
			);
			path = ProjetoTests;
			sourceTree = "<group>";
		};
		9948B1BA1A9FA6AA00A3CA54 /* Supporting Files */ = {
			isa = PBXGroup;
			children = (
				9948B1BB1A9FA6AA00A3CA54 /* Info.plist */,
			);
			name = "Supporting Files";
			sourceTree = "<group>";
		};
		9961B53F1AA4C12600EF7E50 /* Images_I */ = {
			isa = PBXGroup;
			children = (
				99D42D991AA4F4AA001F661A /* smile.jpg */,
				99D42D9A1AA4F4AA001F661A /* girl.jpg */,
				99D42D9B1AA4F4AA001F661A /* music.jpg */,
				99D42D9C1AA4F4AA001F661A /* handsup.jpg */,
				99D42D9D1AA4F4AA001F661A /* landing.jpg */,
				99D42D8B1AA4F3DA001F661A /* flowers.jpg */,
			);
			name = Images_I;
			sourceTree = "<group>";
		};
		9970384E1AA0F72100D082E0 /* Images_E */ = {
			isa = PBXGroup;
			children = (
				99D42D971AA4F477001F661A /* kid.jpg */,
				99D42D8D1AA4F466001F661A /* cup.jpg */,
				99D42D8E1AA4F466001F661A /* dog.jpg */,
				99D42D8F1AA4F466001F661A /* kids.jpg */,
				99D42D901AA4F466001F661A /* noz.jpg */,
				99D42D911AA4F466001F661A /* mercury.jpg */,
			);
			name = Images_E;
			sourceTree = "<group>";
		};
/* End PBXGroup section */

/* Begin PBXNativeTarget section */
		9948B1991A9FA6AA00A3CA54 /* Projeto */ = {
			isa = PBXNativeTarget;
			buildConfigurationList = 9948B1C01A9FA6AA00A3CA54 /* Build configuration list for PBXNativeTarget "Projeto" */;
			buildPhases = (
				9948B1961A9FA6AA00A3CA54 /* Sources */,
				9948B1971A9FA6AA00A3CA54 /* Frameworks */,
				9948B1981A9FA6AA00A3CA54 /* Resources */,
			);
			buildRules = (
			);
			dependencies = (
			);
			name = Projeto;
			productName = Projeto;
			productReference = 9948B19A1A9FA6AA00A3CA54 /* Projeto.app */;
			productType = "com.apple.product-type.application";
		};
		9948B1B51A9FA6AA00A3CA54 /* ProjetoTests */ = {
			isa = PBXNativeTarget;
			buildConfigurationList = 9948B1C31A9FA6AA00A3CA54 /* Build configuration list for PBXNativeTarget "ProjetoTests" */;
			buildPhases = (
				9948B1B21A9FA6AA00A3CA54 /* Sources */,
				9948B1B31A9FA6AA00A3CA54 /* Frameworks */,
				9948B1B41A9FA6AA00A3CA54 /* Resources */,
			);
			buildRules = (
			);
			dependencies = (
				9948B1B81A9FA6AA00A3CA54 /* PBXTargetDependency */,
			);
			name = ProjetoTests;
			productName = ProjetoTests;
			productReference = 9948B1B61A9FA6AA00A3CA54 /* ProjetoTests.xctest */;
			productType = "com.apple.product-type.bundle.unit-test";
		};
/* End PBXNativeTarget section */

/* Begin PBXProject section */
		9948B1921A9FA6AA00A3CA54 /* Project object */ = {
			isa = PBXProject;
			attributes = {
				LastUpgradeCheck = 0610;
				ORGANIZATIONNAME = "Karen Garcia dos Santos";
				TargetAttributes = {
					9948B1991A9FA6AA00A3CA54 = {
						CreatedOnToolsVersion = 6.1.1;
					};
					9948B1B51A9FA6AA00A3CA54 = {
						CreatedOnToolsVersion = 6.1.1;
						TestTargetID = 9948B1991A9FA6AA00A3CA54;
					};
				};
			};
			buildConfigurationList = 9948B1951A9FA6AA00A3CA54 /* Build configuration list for PBXProject "Projeto" */;
			compatibilityVersion = "Xcode 3.2";
			developmentRegion = English;
			hasScannedForEncodings = 0;
			knownRegions = (
				en,
				Base,
			);
			mainGroup = 9948B1911A9FA6AA00A3CA54;
			productRefGroup = 9948B19B1A9FA6AA00A3CA54 /* Products */;
			projectDirPath = "";
			projectRoot = "";
			targets = (
				9948B1991A9FA6AA00A3CA54 /* Projeto */,
				9948B1B51A9FA6AA00A3CA54 /* ProjetoTests */,
			);
		};
/* End PBXProject section */

/* Begin PBXResourcesBuildPhase section */
		9948B1981A9FA6AA00A3CA54 /* Resources */ = {
			isa = PBXResourcesBuildPhase;
			buildActionMask = 2147483647;
			files = (
				99D42D931AA4F466001F661A /* dog.jpg in Resources */,
				99D42D9F1AA4F4AA001F661A /* girl.jpg in Resources */,
				99D42D941AA4F466001F661A /* kids.jpg in Resources */,
				99D42DA01AA4F4AA001F661A /* music.jpg in Resources */,
				99D42D8C1AA4F3DA001F661A /* flowers.jpg in Resources */,
				99D42D961AA4F466001F661A /* mercury.jpg in Resources */,
				9948B1AC1A9FA6AA00A3CA54 /* Main.storyboard in Resources */,
				99D42DA11AA4F4AA001F661A /* handsup.jpg in Resources */,
				9948B1B11A9FA6AA00A3CA54 /* LaunchScreen.xib in Resources */,
				99D42DA21AA4F4AA001F661A /* landing.jpg in Resources */,
				99D42D9E1AA4F4AA001F661A /* smile.jpg in Resources */,
				99D42D951AA4F466001F661A /* noz.jpg in Resources */,
				9948B1AE1A9FA6AA00A3CA54 /* Images.xcassets in Resources */,
				99D42D981AA4F477001F661A /* kid.jpg in Resources */,
				99D42D921AA4F466001F661A /* cup.jpg in Resources */,
			);
			runOnlyForDeploymentPostprocessing = 0;
		};
		9948B1B41A9FA6AA00A3CA54 /* Resources */ = {
			isa = PBXResourcesBuildPhase;
			buildActionMask = 2147483647;
			files = (
			);
			runOnlyForDeploymentPostprocessing = 0;
		};
/* End PBXResourcesBuildPhase section */

/* Begin PBXSourcesBuildPhase section */
		9948B1961A9FA6AA00A3CA54 /* Sources */ = {
			isa = PBXSourcesBuildPhase;
			buildActionMask = 2147483647;
			files = (
				9948B1A31A9FA6AA00A3CA54 /* AppDelegate.m in Sources */,
				9948B1A01A9FA6AA00A3CA54 /* main.m in Sources */,
				9948B1CE1A9FB27600A3CA54 /* GaleriaViewController.m in Sources */,
				9948B1A91A9FA6AA00A3CA54 /* ViewController.m in Sources */,
				9948B1A61A9FA6AA00A3CA54 /* Projeto.xcdatamodeld in Sources */,
			);
			runOnlyForDeploymentPostprocessing = 0;
		};
		9948B1B21A9FA6AA00A3CA54 /* Sources */ = {
			isa = PBXSourcesBuildPhase;
			buildActionMask = 2147483647;
			files = (
				9948B1BD1A9FA6AA00A3CA54 /* ProjetoTests.m in Sources */,
			);
			runOnlyForDeploymentPostprocessing = 0;
		};
/* End PBXSourcesBuildPhase section */

/* Begin PBXTargetDependency section */
		9948B1B81A9FA6AA00A3CA54 /* PBXTargetDependency */ = {
			isa = PBXTargetDependency;
			target = 9948B1991A9FA6AA00A3CA54 /* Projeto */;
			targetProxy = 9948B1B71A9FA6AA00A3CA54 /* PBXContainerItemProxy */;
		};
/* End PBXTargetDependency section */

/* Begin PBXVariantGroup section */
		9948B1AA1A9FA6AA00A3CA54 /* Main.storyboard */ = {
			isa = PBXVariantGroup;
			children = (
				9948B1AB1A9FA6AA00A3CA54 /* Base */,
			);
			name = Main.storyboard;
			sourceTree = "<group>";
		};
		9948B1AF1A9FA6AA00A3CA54 /* LaunchScreen.xib */ = {
			isa = PBXVariantGroup;
			children = (
				9948B1B01A9FA6AA00A3CA54 /* Base */,
			);
			name = LaunchScreen.xib;
			sourceTree = "<group>";
		};
/* End PBXVariantGroup section */

/* Begin XCBuildConfiguration section */
		9948B1BE1A9FA6AA00A3CA54 /* Debug */ = {
			isa = XCBuildConfiguration;
			buildSettings = {
				ALWAYS_SEARCH_USER_PATHS = NO;
				CLANG_CXX_LANGUAGE_STANDARD = "gnu++0x";
				CLANG_CXX_LIBRARY = "libc++";
				CLANG_ENABLE_MODULES = YES;
				CLANG_ENABLE_OBJC_ARC = YES;
				CLANG_WARN_BOOL_CONVERSION = YES;
				CLANG_WARN_CONSTANT_CONVERSION = YES;
				CLANG_WARN_DIRECT_OBJC_ISA_USAGE = YES_ERROR;
				CLANG_WARN_EMPTY_BODY = YES;
				CLANG_WARN_ENUM_CONVERSION = YES;
				CLANG_WARN_INT_CONVERSION = YES;
				CLANG_WARN_OBJC_ROOT_CLASS = YES_ERROR;
				CLANG_WARN_UNREACHABLE_CODE = YES;
				CLANG_WARN__DUPLICATE_METHOD_MATCH = YES;
				"CODE_SIGN_IDENTITY[sdk=iphoneos*]" = "iPhone Developer";
				COPY_PHASE_STRIP = NO;
				ENABLE_STRICT_OBJC_MSGSEND = YES;
				GCC_C_LANGUAGE_STANDARD = gnu99;
				GCC_DYNAMIC_NO_PIC = NO;
				GCC_OPTIMIZATION_LEVEL = 0;
				GCC_PREPROCESSOR_DEFINITIONS = (
					"DEBUG=1",
					"$(inherited)",
				);
				GCC_SYMBOLS_PRIVATE_EXTERN = NO;
				GCC_WARN_64_TO_32_BIT_CONVERSION = YES;
				GCC_WARN_ABOUT_RETURN_TYPE = YES_ERROR;
				GCC_WARN_UNDECLARED_SELECTOR = YES;
				GCC_WARN_UNINITIALIZED_AUTOS = YES_AGGRESSIVE;
				GCC_WARN_UNUSED_FUNCTION = YES;
				GCC_WARN_UNUSED_VARIABLE = YES;
				IPHONEOS_DEPLOYMENT_TARGET = 8.1;
				MTL_ENABLE_DEBUG_INFO = YES;
				ONLY_ACTIVE_ARCH = YES;
				SDKROOT = iphoneos;
			};
			name = Debug;
		};
		9948B1BF1A9FA6AA00A3CA54 /* Release */ = {
			isa = XCBuildConfiguration;
			buildSettings = {
				ALWAYS_SEARCH_USER_PATHS = NO;
				CLANG_CXX_LANGUAGE_STANDARD = "gnu++0x";
				CLANG_CXX_LIBRARY = "libc++";
				CLANG_ENABLE_MODULES = YES;
				CLANG_ENABLE_OBJC_ARC = YES;
				CLANG_WARN_BOOL_CONVERSION = YES;
				CLANG_WARN_CONSTANT_CONVERSION = YES;
				CLANG_WARN_DIRECT_OBJC_ISA_USAGE = YES_ERROR;
				CLANG_WARN_EMPTY_BODY = YES;
				CLANG_WARN_ENUM_CONVERSION = YES;
				CLANG_WARN_INT_CONVERSION = YES;
				CLANG_WARN_OBJC_ROOT_CLASS = YES_ERROR;
				CLANG_WARN_UNREACHABLE_CODE = YES;
				CLANG_WARN__DUPLICATE_METHOD_MATCH = YES;
				"CODE_SIGN_IDENTITY[sdk=iphoneos*]" = "iPhone Developer";
				COPY_PHASE_STRIP = YES;
				ENABLE_NS_ASSERTIONS = NO;
				ENABLE_STRICT_OBJC_MSGSEND = YES;
				GCC_C_LANGUAGE_STANDARD = gnu99;
				GCC_WARN_64_TO_32_BIT_CONVERSION = YES;
				GCC_WARN_ABOUT_RETURN_TYPE = YES_ERROR;
				GCC_WARN_UNDECLARED_SELECTOR = YES;
				GCC_WARN_UNINITIALIZED_AUTOS = YES_AGGRESSIVE;
				GCC_WARN_UNUSED_FUNCTION = YES;
				GCC_WARN_UNUSED_VARIABLE = YES;
				IPHONEOS_DEPLOYMENT_TARGET = 8.1;
				MTL_ENABLE_DEBUG_INFO = NO;
				SDKROOT = iphoneos;
				VALIDATE_PRODUCT = YES;
			};
			name = Release;
		};
		9948B1C11A9FA6AA00A3CA54 /* Debug */ = {
			isa = XCBuildConfiguration;
			buildSettings = {
				ASSETCATALOG_COMPILER_APPICON_NAME = AppIcon;
				INFOPLIST_FILE = Projeto/Info.plist;
				LD_RUNPATH_SEARCH_PATHS = "$(inherited) @executable_path/Frameworks";
				PRODUCT_NAME = "$(TARGET_NAME)";
			};
			name = Debug;
		};
		9948B1C21A9FA6AA00A3CA54 /* Release */ = {
			isa = XCBuildConfiguration;
			buildSettings = {
				ASSETCATALOG_COMPILER_APPICON_NAME = AppIcon;
				INFOPLIST_FILE = Projeto/Info.plist;
				LD_RUNPATH_SEARCH_PATHS = "$(inherited) @executable_path/Frameworks";
				PRODUCT_NAME = "$(TARGET_NAME)";
			};
			name = Release;
		};
		9948B1C41A9FA6AA00A3CA54 /* Debug */ = {
			isa = XCBuildConfiguration;
			buildSettings = {
				BUNDLE_LOADER = "$(TEST_HOST)";
				FRAMEWORK_SEARCH_PATHS = (
					"$(SDKROOT)/Developer/Library/Frameworks",
					"$(inherited)",
				);
				GCC_PREPROCESSOR_DEFINITIONS = (
					"DEBUG=1",
					"$(inherited)",
				);
				INFOPLIST_FILE = ProjetoTests/Info.plist;
				LD_RUNPATH_SEARCH_PATHS = "$(inherited) @executable_path/Frameworks @loader_path/Frameworks";
				PRODUCT_NAME = "$(TARGET_NAME)";
				TEST_HOST = "$(BUILT_PRODUCTS_DIR)/Projeto.app/Projeto";
			};
			name = Debug;
		};
		9948B1C51A9FA6AA00A3CA54 /* Release */ = {
			isa = XCBuildConfiguration;
			buildSettings = {
				BUNDLE_LOADER = "$(TEST_HOST)";
				FRAMEWORK_SEARCH_PATHS = (
					"$(SDKROOT)/Developer/Library/Frameworks",
					"$(inherited)",
				);
				INFOPLIST_FILE = ProjetoTests/Info.plist;
				LD_RUNPATH_SEARCH_PATHS = "$(inherited) @executable_path/Frameworks @loader_path/Frameworks";
				PRODUCT_NAME = "$(TARGET_NAME)";
				TEST_HOST = "$(BUILT_PRODUCTS_DIR)/Projeto.app/Projeto";
			};
			name = Release;
		};
/* End XCBuildConfiguration section */

/* Begin XCConfigurationList section */
		9948B1951A9FA6AA00A3CA54 /* Build configuration list for PBXProject "Projeto" */ = {
			isa = XCConfigurationList;
			buildConfigurations = (
				9948B1BE1A9FA6AA00A3CA54 /* Debug */,
				9948B1BF1A9FA6AA00A3CA54 /* Release */,
			);
			defaultConfigurationIsVisible = 0;
			defaultConfigurationName = Release;
		};
		9948B1C01A9FA6AA00A3CA54 /* Build configuration list for PBXNativeTarget "Projeto" */ = {
			isa = XCConfigurationList;
			buildConfigurations = (
				9948B1C11A9FA6AA00A3CA54 /* Debug */,
				9948B1C21A9FA6AA00A3CA54 /* Release */,
			);
			defaultConfigurationIsVisible = 0;
			defaultConfigurationName = Release;
		};
		9948B1C31A9FA6AA00A3CA54 /* Build configuration list for PBXNativeTarget "ProjetoTests" */ = {
			isa = XCConfigurationList;
			buildConfigurations = (
				9948B1C41A9FA6AA00A3CA54 /* Debug */,
				9948B1C51A9FA6AA00A3CA54 /* Release */,
			);
			defaultConfigurationIsVisible = 0;
			defaultConfigurationName = Release;
		};
/* End XCConfigurationList section */

/* Begin XCVersionGroup section */
		9948B1A41A9FA6AA00A3CA54 /* Projeto.xcdatamodeld */ = {
			isa = XCVersionGroup;
			children = (
				9948B1A51A9FA6AA00A3CA54 /* Projeto.xcdatamodel */,
			);
			currentVersion = 9948B1A51A9FA6AA00A3CA54 /* Projeto.xcdatamodel */;
			path = Projeto.xcdatamodeld;
			sourceTree = "<group>";
			versionGroupType = wrapper.xcdatamodel;
		};
/* End XCVersionGroup section */
	};
	rootObject = 9948B1921A9FA6AA00A3CA54 /* Project object */;
}
